// !$*UTF8*$!
{
	archiveVersion = 1;
	classes = {
	};
	objectVersion = 56;
	objects = {

/* Begin PBXBuildFile section */
		100000000000000000000001 /* GameConfig.swift in Sources */ = {isa = PBXBuildFile; fileRef = 200000000000000000000001 /* GameConfig.swift */; };
		100000000000000000000002 /* GameModels.swift in Sources */ = {isa = PBXBuildFile; fileRef = 200000000000000000000002 /* GameModels.swift */; };
		100000000000000000000003 /* GameEngine.swift in Sources */ = {isa = PBXBuildFile; fileRef = 200000000000000000000003 /* GameEngine.swift */; };
		100000000000000000000004 /* PlayerProgress.swift in Sources */ = {isa = PBXBuildFile; fileRef = 200000000000000000000004 /* PlayerProgress.swift */; };
		100000000000000000000005 /* TAG10App.swift in Sources */ = {isa = PBXBuildFile; fileRef = 200000000000000000000005 /* TAG10App.swift */; };
		100000000000000000000006 /* ContentView.swift in Sources */ = {isa = PBXBuildFile; fileRef = 200000000000000000000006 /* ContentView.swift */; };
		100000000000000000000007 /* GameScene.swift in Sources */ = {isa = PBXBuildFile; fileRef = 200000000000000000000007 /* GameScene.swift */; };
		100000000000000000000008 /* GameCoreTests.swift in Sources */ = {isa = PBXBuildFile; fileRef = 200000000000000000000008 /* GameCoreTests.swift */; };
		100000000000000000000009 /* TAG10Core.framework in Frameworks */ = {isa = PBXBuildFile; fileRef = 200000000000000000000009 /* TAG10Core.framework */; };
		10000000000000000000000A /* TAG10Core.framework in Frameworks */ = {isa = PBXBuildFile; fileRef = 200000000000000000000009 /* TAG10Core.framework */; };
		10000000000000000000000B /* TAG10Core.framework in Embed Frameworks */ = {isa = PBXBuildFile; fileRef = 200000000000000000000009 /* TAG10Core.framework */; settings = {ATTRIBUTES = (CodeSignOnCopy, RemoveHeadersOnCopy, ); }; };
		10000000000000000000000C /* TAG10Core.framework in Embed Frameworks */ = {isa = PBXBuildFile; fileRef = 200000000000000000000009 /* TAG10Core.framework */; settings = {ATTRIBUTES = (CodeSignOnCopy, RemoveHeadersOnCopy, ); }; };
		10000000000000000000000D /* ActorNode.swift in Sources */ = {isa = PBXBuildFile; fileRef = 20000000000000000000000C /* ActorNode.swift */; };
		10000000000000000000000E /* GameHUDNode.swift in Sources */ = {isa = PBXBuildFile; fileRef = 20000000000000000000000D /* GameHUDNode.swift */; };
		10000000000000000000000F /* GameEffectsNode.swift in Sources */ = {isa = PBXBuildFile; fileRef = 20000000000000000000000E /* GameEffectsNode.swift */; };
/* End PBXBuildFile section */

/* Begin PBXContainerItemProxy section */
		300000000000000000000001 /* PBXContainerItemProxy */ = {
			isa = PBXContainerItemProxy;
			containerPortal = 700000000000000000000001 /* Project object */;
			proxyType = 1;
			remoteGlobalIDString = 800000000000000000000001;
			remoteInfo = TAG10Core;
		};
		300000000000000000000002 /* PBXContainerItemProxy */ = {
			isa = PBXContainerItemProxy;
			containerPortal = 700000000000000000000001 /* Project object */;
			proxyType = 1;
			remoteGlobalIDString = 800000000000000000000001;
			remoteInfo = TAG10Core;
		};
/* End PBXContainerItemProxy section */

/* Begin PBXCopyFilesBuildPhase section */
		D000000000000000000000001 /* Embed Frameworks */ = {
			isa = PBXCopyFilesBuildPhase;
			buildActionMask = 2147483647;
			dstPath = "";
			dstSubfolderSpec = 10;
			files = (
				10000000000000000000000B /* TAG10Core.framework in Embed Frameworks */,
			);
			name = "Embed Frameworks";
			runOnlyForDeploymentPostprocessing = 0;
		};
		D000000000000000000000002 /* Embed Frameworks */ = {
			isa = PBXCopyFilesBuildPhase;
			buildActionMask = 2147483647;
			dstPath = "";
			dstSubfolderSpec = 10;
			files = (
				10000000000000000000000C /* TAG10Core.framework in Embed Frameworks */,
			);
			name = "Embed Frameworks";
			runOnlyForDeploymentPostprocessing = 0;
		};
/* End PBXCopyFilesBuildPhase section */

/* Begin PBXFileReference section */
		200000000000000000000001 /* GameConfig.swift */ = {isa = PBXFileReference; lastKnownFileType = sourcecode.swift; path = GameConfig.swift; sourceTree = "<group>"; };
		200000000000000000000002 /* GameModels.swift */ = {isa = PBXFileReference; lastKnownFileType = sourcecode.swift; path = GameModels.swift; sourceTree = "<group>"; };
		200000000000000000000003 /* GameEngine.swift */ = {isa = PBXFileReference; lastKnownFileType = sourcecode.swift; path = GameEngine.swift; sourceTree = "<group>"; };
		200000000000000000000004 /* PlayerProgress.swift */ = {isa = PBXFileReference; lastKnownFileType = sourcecode.swift; path = PlayerProgress.swift; sourceTree = "<group>"; };
		200000000000000000000005 /* TAG10App.swift */ = {isa = PBXFileReference; lastKnownFileType = sourcecode.swift; path = TAG10App.swift; sourceTree = "<group>"; };
		200000000000000000000006 /* ContentView.swift */ = {isa = PBXFileReference; lastKnownFileType = sourcecode.swift; path = ContentView.swift; sourceTree = "<group>"; };
		200000000000000000000007 /* GameScene.swift */ = {isa = PBXFileReference; lastKnownFileType = sourcecode.swift; path = GameScene.swift; sourceTree = "<group>"; };
		200000000000000000000008 /* GameCoreTests.swift */ = {isa = PBXFileReference; lastKnownFileType = sourcecode.swift; path = GameCoreTests.swift; sourceTree = "<group>"; };
		200000000000000000000009 /* TAG10Core.framework */ = {isa = PBXFileReference; explicitFileType = wrapper.framework; includeInIndex = 0; path = TAG10Core.framework; sourceTree = BUILT_PRODUCTS_DIR; };
		20000000000000000000000A /* TAG10.app */ = {isa = PBXFileReference; explicitFileType = wrapper.application; includeInIndex = 0; path = TAG10.app; sourceTree = BUILT_PRODUCTS_DIR; };
		20000000000000000000000B /* TAG10CoreTests.xctest */ = {isa = PBXFileReference; explicitFileType = wrapper.cfbundle; includeInIndex = 0; path = TAG10CoreTests.xctest; sourceTree = BUILT_PRODUCTS_DIR; };
		20000000000000000000000C /* ActorNode.swift */ = {isa = PBXFileReference; lastKnownFileType = sourcecode.swift; path = ActorNode.swift; sourceTree = "<group>"; };
		20000000000000000000000D /* GameHUDNode.swift */ = {isa = PBXFileReference; lastKnownFileType = sourcecode.swift; path = GameHUDNode.swift; sourceTree = "<group>"; };
		20000000000000000000000E /* GameEffectsNode.swift */ = {isa = PBXFileReference; lastKnownFileType = sourcecode.swift; path = GameEffectsNode.swift; sourceTree = "<group>"; };
/* End PBXFileReference section */

/* Begin PBXFrameworksBuildPhase section */
		400000000000000000000001 /* Frameworks */ = {
			isa = PBXFrameworksBuildPhase;
			buildActionMask = 2147483647;
			files = (
			);
			runOnlyForDeploymentPostprocessing = 0;
		};
		400000000000000000000002 /* Frameworks */ = {
			isa = PBXFrameworksBuildPhase;
			buildActionMask = 2147483647;
			files = (
				100000000000000000000009 /* TAG10Core.framework in Frameworks */,
			);
			runOnlyForDeploymentPostprocessing = 0;
		};
		400000000000000000000003 /* Frameworks */ = {
			isa = PBXFrameworksBuildPhase;
			buildActionMask = 2147483647;
			files = (
				10000000000000000000000A /* TAG10Core.framework in Frameworks */,
			);
			runOnlyForDeploymentPostprocessing = 0;
		};
/* End PBXFrameworksBuildPhase section */

/* Begin PBXGroup section */
		500000000000000000000001 = {
			isa = PBXGroup;
			children = (
				500000000000000000000002 /* Sources */,
				500000000000000000000005 /* Tests */,
				500000000000000000000006 /* Products */,
			);
			sourceTree = "<group>";
		};
		500000000000000000000002 /* Sources */ = {
			isa = PBXGroup;
			children = (
				500000000000000000000003 /* TAG10Core */,
				500000000000000000000004 /* TAG10App */,
			);
			path = Sources;
			sourceTree = "<group>";
		};
		500000000000000000000003 /* TAG10Core */ = {
			isa = PBXGroup;
			children = (
				200000000000000000000001 /* GameConfig.swift */,
				200000000000000000000002 /* GameModels.swift */,
				200000000000000000000003 /* GameEngine.swift */,
				200000000000000000000004 /* PlayerProgress.swift */,
			);
			path = TAG10Core;
			sourceTree = "<group>";
		};
		500000000000000000000004 /* TAG10App */ = {
			isa = PBXGroup;
			children = (
				200000000000000000000005 /* TAG10App.swift */,
				200000000000000000000006 /* ContentView.swift */,
				200000000000000000000007 /* GameScene.swift */,
				20000000000000000000000C /* ActorNode.swift */,
				20000000000000000000000D /* GameHUDNode.swift */,
				20000000000000000000000E /* GameEffectsNode.swift */,
			);
			path = TAG10App;
			sourceTree = "<group>";
		};
		500000000000000000000005 /* Tests */ = {
			isa = PBXGroup;
			children = (
				500000000000000000000007 /* TAG10CoreTests */,
			);
			path = Tests;
			sourceTree = "<group>";
		};
		500000000000000000000006 /* Products */ = {
			isa = PBXGroup;
			children = (
				200000000000000000000009 /* TAG10Core.framework */,
				20000000000000000000000A /* TAG10.app */,
				20000000000000000000000B /* TAG10CoreTests.xctest */,
			);
			name = Products;
			sourceTree = "<group>";
		};
		500000000000000000000007 /* TAG10CoreTests */ = {
			isa = PBXGroup;
			children = (
				200000000000000000000008 /* GameCoreTests.swift */,
			);
			path = TAG10CoreTests;
			sourceTree = "<group>";
		};
/* End PBXGroup section */

/* Begin PBXNativeTarget section */
		800000000000000000000001 /* TAG10Core */ = {
			isa = PBXNativeTarget;
			buildConfigurationList = 900000000000000000000002 /* Build configuration list for PBXNativeTarget "TAG10Core" */;
			buildPhases = (
				600000000000000000000001 /* Sources */,
				400000000000000000000001 /* Frameworks */,
			);
			buildRules = (
			);
			dependencies = (
			);
			name = TAG10Core;
			productName = TAG10Core;
			productReference = 200000000000000000000009 /* TAG10Core.framework */;
			productType = "com.apple.product-type.framework";
		};
		800000000000000000000002 /* TAG10 */ = {
			isa = PBXNativeTarget;
			buildConfigurationList = 900000000000000000000003 /* Build configuration list for PBXNativeTarget "TAG10" */;
			buildPhases = (
				600000000000000000000002 /* Sources */,
				400000000000000000000002 /* Frameworks */,
				D000000000000000000000001 /* Embed Frameworks */,
				A00000000000000000000001 /* Resources */,
			);
			buildRules = (
			);
			dependencies = (
				B000000000000000000000001 /* PBXTargetDependency */,
			);
			name = TAG10;
			productName = TAG10;
			productReference = 20000000000000000000000A /* TAG10.app */;
			productType = "com.apple.product-type.application";
		};
		800000000000000000000003 /* TAG10CoreTests */ = {
			isa = PBXNativeTarget;
			buildConfigurationList = 900000000000000000000004 /* Build configuration list for PBXNativeTarget "TAG10CoreTests" */;
			buildPhases = (
				600000000000000000000003 /* Sources */,
				400000000000000000000003 /* Frameworks */,
				D000000000000000000000002 /* Embed Frameworks */,
				A00000000000000000000002 /* Resources */,
			);
			buildRules = (
			);
			dependencies = (
				B000000000000000000000002 /* PBXTargetDependency */,
			);
			name = TAG10CoreTests;
			productName = TAG10CoreTests;
			productReference = 20000000000000000000000B /* TAG10CoreTests.xctest */;
			productType = "com.apple.product-type.bundle.unit-test";
		};
/* End PBXNativeTarget section */

/* Begin PBXProject section */
		700000000000000000000001 /* Project object */ = {
			isa = PBXProject;
			attributes = {
				BuildIndependentTargetsInParallel = 1;
				LastSwiftUpdateCheck = 2660;
				LastUpgradeCheck = 2660;
				TargetAttributes = {
					800000000000000000000001 = {
						CreatedOnToolsVersion = 26.0;
					};
					800000000000000000000002 = {
						CreatedOnToolsVersion = 26.0;
					};
					800000000000000000000003 = {
						CreatedOnToolsVersion = 26.0;
					};
				};
			};
			buildConfigurationList = 900000000000000000000001 /* Build configuration list for PBXProject "TAG10" */;
			compatibilityVersion = "Xcode 14.0";
			developmentRegion = en;
			hasScannedForEncodings = 0;
			knownRegions = (
				en,
				Base,
			);
			mainGroup = 500000000000000000000001;
			productRefGroup = 500000000000000000000006 /* Products */;
			projectDirPath = "";
			projectRoot = "";
			targets = (
				800000000000000000000001 /* TAG10Core */,
				800000000000000000000002 /* TAG10 */,
				800000000000000000000003 /* TAG10CoreTests */,
			);
		};
/* End PBXProject section */

/* Begin PBXResourcesBuildPhase section */
		A00000000000000000000001 /* Resources */ = {
			isa = PBXResourcesBuildPhase;
			buildActionMask = 2147483647;
			files = (
			);
			runOnlyForDeploymentPostprocessing = 0;
		};
		A00000000000000000000002 /* Resources */ = {
			isa = PBXResourcesBuildPhase;
			buildActionMask = 2147483647;
			files = (
			);
			runOnlyForDeploymentPostprocessing = 0;
		};
/* End PBXResourcesBuildPhase section */

/* Begin PBXSourcesBuildPhase section */
		600000000000000000000001 /* Sources */ = {
			isa = PBXSourcesBuildPhase;
			buildActionMask = 2147483647;
			files = (
				100000000000000000000001 /* GameConfig.swift in Sources */,
				100000000000000000000002 /* GameModels.swift in Sources */,
				100000000000000000000003 /* GameEngine.swift in Sources */,
				100000000000000000000004 /* PlayerProgress.swift in Sources */,
			);
			runOnlyForDeploymentPostprocessing = 0;
		};
		600000000000000000000002 /* Sources */ = {
			isa = PBXSourcesBuildPhase;
			buildActionMask = 2147483647;
			files = (
				100000000000000000000005 /* TAG10App.swift in Sources */,
				100000000000000000000006 /* ContentView.swift in Sources */,
				100000000000000000000007 /* GameScene.swift in Sources */,
				10000000000000000000000D /* ActorNode.swift in Sources */,
				10000000000000000000000E /* GameHUDNode.swift in Sources */,
				10000000000000000000000F /* GameEffectsNode.swift in Sources */,
			);
			runOnlyForDeploymentPostprocessing = 0;
		};
		600000000000000000000003 /* Sources */ = {
			isa = PBXSourcesBuildPhase;
			buildActionMask = 2147483647;
			files = (
				100000000000000000000008 /* GameCoreTests.swift in Sources */,
			);
			runOnlyForDeploymentPostprocessing = 0;
		};
/* End PBXSourcesBuildPhase section */

/* Begin PBXTargetDependency section */
		B000000000000000000000001 /* PBXTargetDependency */ = {
			isa = PBXTargetDependency;
			target = 800000000000000000000001 /* TAG10Core */;
			targetProxy = 300000000000000000000001 /* PBXContainerItemProxy */;
		};
		B000000000000000000000002 /* PBXTargetDependency */ = {
			isa = PBXTargetDependency;
			target = 800000000000000000000001 /* TAG10Core */;
			targetProxy = 300000000000000000000002 /* PBXContainerItemProxy */;
		};
/* End PBXTargetDependency section */

/* Begin XCBuildConfiguration section */
		C000000000000000000000001 /* Debug */ = {
			isa = XCBuildConfiguration;
			buildSettings = {
				ALWAYS_SEARCH_USER_PATHS = NO;
				CLANG_ENABLE_MODULES = YES;
				CLANG_ENABLE_OBJC_ARC = YES;
				COPY_PHASE_STRIP = NO;
				DEBUG_INFORMATION_FORMAT = dwarf;
				ENABLE_TESTABILITY = YES;
				GCC_C_LANGUAGE_STANDARD = gnu17;
				GCC_OPTIMIZATION_LEVEL = 0;
				ONLY_ACTIVE_ARCH = YES;
				SWIFT_ACTIVE_COMPILATION_CONDITIONS = "DEBUG $(inherited)";
				SWIFT_OPTIMIZATION_LEVEL = "-Onone";
				SWIFT_VERSION = 5.0;
			};
			name = Debug;
		};
		C000000000000000000000002 /* Release */ = {
			isa = XCBuildConfiguration;
			buildSettings = {
				ALWAYS_SEARCH_USER_PATHS = NO;
				CLANG_ENABLE_MODULES = YES;
				CLANG_ENABLE_OBJC_ARC = YES;
				COPY_PHASE_STRIP = YES;
				DEBUG_INFORMATION_FORMAT = "dwarf-with-dsym";
				ENABLE_NS_ASSERTIONS = NO;
				GCC_C_LANGUAGE_STANDARD = gnu17;
				SWIFT_COMPILATION_MODE = wholemodule;
				SWIFT_OPTIMIZATION_LEVEL = "-O";
				SWIFT_VERSION = 5.0;
			};
			name = Release;
		};
		C000000000000000000000003 /* Debug */ = {
			isa = XCBuildConfiguration;
			buildSettings = {
				CODE_SIGN_STYLE = Automatic;
				DEFINES_MODULE = YES;
				DYLIB_COMPATIBILITY_VERSION = 1;
				DYLIB_CURRENT_VERSION = 1;
				DYLIB_INSTALL_NAME_BASE = "@rpath";
				GENERATE_INFOPLIST_FILE = YES;
				IPHONEOS_DEPLOYMENT_TARGET = 17.0;
				MACOSX_DEPLOYMENT_TARGET = 14.0;
				PRODUCT_BUNDLE_IDENTIFIER = com.tag10.core;
				PRODUCT_NAME = "$(TARGET_NAME)";
				SKIP_INSTALL = YES;
				SUPPORTED_PLATFORMS = "iphoneos iphonesimulator macosx";
			};
			name = Debug;
		};
		C000000000000000000000004 /* Release */ = {
			isa = XCBuildConfiguration;
			buildSettings = {
				CODE_SIGN_STYLE = Automatic;
				DEFINES_MODULE = YES;
				DYLIB_COMPATIBILITY_VERSION = 1;
				DYLIB_CURRENT_VERSION = 1;
				DYLIB_INSTALL_NAME_BASE = "@rpath";
				GENERATE_INFOPLIST_FILE = YES;
				IPHONEOS_DEPLOYMENT_TARGET = 17.0;
				MACOSX_DEPLOYMENT_TARGET = 14.0;
				PRODUCT_BUNDLE_IDENTIFIER = com.tag10.core;
				PRODUCT_NAME = "$(TARGET_NAME)";
				SKIP_INSTALL = YES;
				SUPPORTED_PLATFORMS = "iphoneos iphonesimulator macosx";
			};
			name = Release;
		};
		C000000000000000000000005 /* Debug */ = {
			isa = XCBuildConfiguration;
			buildSettings = {
				ASSETCATALOG_COMPILER_GENERATE_SWIFT_ASSET_SYMBOL_EXTENSIONS = YES;
				CODE_SIGN_STYLE = Automatic;
				CURRENT_PROJECT_VERSION = 1;
				GENERATE_INFOPLIST_FILE = YES;
				INFOPLIST_KEY_UIApplicationSceneManifest_Generation = YES;
				INFOPLIST_KEY_UIApplicationSupportsIndirectInputEvents = YES;
				INFOPLIST_KEY_UILaunchScreen_Generation = YES;
				INFOPLIST_KEY_UISupportedInterfaceOrientations = UIInterfaceOrientationPortrait;
				IPHONEOS_DEPLOYMENT_TARGET = 17.0;
				LD_RUNPATH_SEARCH_PATHS = (
					"$(inherited)",
					"@executable_path/Frameworks",
				);
				MARKETING_VERSION = 0.1;
				PRODUCT_BUNDLE_IDENTIFIER = com.tag10.app;
				PRODUCT_NAME = "$(TARGET_NAME)";
				SDKROOT = iphoneos;
				SUPPORTED_PLATFORMS = "iphoneos iphonesimulator";
				SWIFT_EMIT_LOC_STRINGS = YES;
				TARGETED_DEVICE_FAMILY = 1;
			};
			name = Debug;
		};
		C000000000000000000000006 /* Release */ = {
			isa = XCBuildConfiguration;
			buildSettings = {
				ASSETCATALOG_COMPILER_GENERATE_SWIFT_ASSET_SYMBOL_EXTENSIONS = YES;
				CODE_SIGN_STYLE = Automatic;
				CURRENT_PROJECT_VERSION = 1;
				GENERATE_INFOPLIST_FILE = YES;
				INFOPLIST_KEY_UIApplicationSceneManifest_Generation = YES;
				INFOPLIST_KEY_UIApplicationSupportsIndirectInputEvents = YES;
				INFOPLIST_KEY_UILaunchScreen_Generation = YES;
				INFOPLIST_KEY_UISupportedInterfaceOrientations = UIInterfaceOrientationPortrait;
				IPHONEOS_DEPLOYMENT_TARGET = 17.0;
				LD_RUNPATH_SEARCH_PATHS = (
					"$(inherited)",
					"@executable_path/Frameworks",
				);
				MARKETING_VERSION = 0.1;
				PRODUCT_BUNDLE_IDENTIFIER = com.tag10.app;
				PRODUCT_NAME = "$(TARGET_NAME)";
				SDKROOT = iphoneos;
				SUPPORTED_PLATFORMS = "iphoneos iphonesimulator";
				SWIFT_EMIT_LOC_STRINGS = YES;
				TARGETED_DEVICE_FAMILY = 1;
			};
			name = Release;
		};
		C000000000000000000000007 /* Debug */ = {
			isa = XCBuildConfiguration;
			buildSettings = {
				BUNDLE_LOADER = "";
				CODE_SIGN_STYLE = Automatic;
				GENERATE_INFOPLIST_FILE = YES;
				LD_RUNPATH_SEARCH_PATHS = (
					"$(inherited)",
					"@loader_path/../Frameworks",
					"@executable_path/../Frameworks",
				);
				MACOSX_DEPLOYMENT_TARGET = 14.0;
				PRODUCT_BUNDLE_IDENTIFIER = com.tag10.coretests;
				PRODUCT_NAME = "$(TARGET_NAME)";
				SDKROOT = macosx;
				TEST_HOST = "";
			};
			name = Debug;
		};
		C000000000000000000000008 /* Release */ = {
			isa = XCBuildConfiguration;
			buildSettings = {
				BUNDLE_LOADER = "";
				CODE_SIGN_STYLE = Automatic;
				GENERATE_INFOPLIST_FILE = YES;
				LD_RUNPATH_SEARCH_PATHS = (
					"$(inherited)",
					"@loader_path/../Frameworks",
					"@executable_path/../Frameworks",
				);
				MACOSX_DEPLOYMENT_TARGET = 14.0;
				PRODUCT_BUNDLE_IDENTIFIER = com.tag10.coretests;
				PRODUCT_NAME = "$(TARGET_NAME)";
				SDKROOT = macosx;
				TEST_HOST = "";
			};
			name = Release;
		};
/* End XCBuildConfiguration section */

/* Begin XCConfigurationList section */
		900000000000000000000001 /* Build configuration list for PBXProject "TAG10" */ = {
			isa = XCConfigurationList;
			buildConfigurations = (
				C000000000000000000000001 /* Debug */,
				C000000000000000000000002 /* Release */,
			);
			defaultConfigurationIsVisible = 0;
			defaultConfigurationName = Release;
		};
		900000000000000000000002 /* Build configuration list for PBXNativeTarget "TAG10Core" */ = {
			isa = XCConfigurationList;
			buildConfigurations = (
				C000000000000000000000003 /* Debug */,
				C000000000000000000000004 /* Release */,
			);
			defaultConfigurationIsVisible = 0;
			defaultConfigurationName = Release;
		};
		900000000000000000000003 /* Build configuration list for PBXNativeTarget "TAG10" */ = {
			isa = XCConfigurationList;
			buildConfigurations = (
				C000000000000000000000005 /* Debug */,
				C000000000000000000000006 /* Release */,
			);
			defaultConfigurationIsVisible = 0;
			defaultConfigurationName = Release;
		};
		900000000000000000000004 /* Build configuration list for PBXNativeTarget "TAG10CoreTests" */ = {
			isa = XCConfigurationList;
			buildConfigurations = (
				C000000000000000000000007 /* Debug */,
				C000000000000000000000008 /* Release */,
			);
			defaultConfigurationIsVisible = 0;
			defaultConfigurationName = Release;
		};
/* End XCConfigurationList section */
	};
	rootObject = 700000000000000000000001 /* Project object */;
}
